# yarn lockfile v1

axios@^1.7.0:
  version "1.7.2"
  resolved "https://registry.yarnpkg.com/axios/-/axios-1.7.2.tgz#new"
  integrity sha512-new==

express@^4.18.2:
  version "4.19.2"
  resolved "https://registry.yarnpkg.com/express/-/express-4.19.2.tgz#updated"
  integrity sha512-updated==

lodash@^4.17.21:
  version "4.17.21"
  resolved "https://registry.yarnpkg.com/lodash/-/lodash-4.17.21.tgz#def"
  integrity sha512-def==

"@babel/core@^7.0.0, @babel/core@^7.12.0":
  version "7.24.5"
  resolved "https://registry.yarnpkg.com/@babel/core/-/core-7.24.5.tgz#new"
  integrity sha512-new==
  dependencies:
    "@babel/code-frame" "^7.24.2"

typescript@^5.0.0:
  version "5.4.5"
  resolved "https://registry.yarnpkg.com/typescript/-/typescript-5.4.5.tgz#newer"
  integrity sha512-newer==
