version = 1
requires-python = ">=3.12"

[[package]]
name = "Django"
version = "4.2.0"
source = { registry = "https://pypi.org/simple" }
dependencies = [
    { name = "asgiref" },
    { name = "sqlparse" },
]

[[package]]
name = "asgiref"
version = "3.7.2"
source = { registry = "https://pypi.org/simple" }

[[package]]
name = "celery"
version = "5.3.6"
source = { registry = "https://pypi.org/simple" }
dependencies = [
    { name = "kombu" },
    { name = "vine" },
]

[[package]]
name = "click"
version = "8.1.7"
source = { registry = "https://pypi.org/simple" }

[[package]]
name = "django-redis"
version = "5.4.0"
source = { registry = "https://pypi.org/simple" }

[[package]]
name = "kombu"
version = "5.3.4"
source = { registry = "https://pypi.org/simple" }

[[package]]
name = "psycopg2"
version = "2.9.9"
source = { registry = "https://pypi.org/simple" }

[[package]]
name = "redis"
version = "5.0.1"
source = { registry = "https://pypi.org/simple" }

[[package]]
name = "sqlparse"
version = "0.5.0"
source = { registry = "https://pypi.org/simple" }

[[package]]
name = "vine"
version = "5.1.0"
source = { registry = "https://pypi.org/simple" }
